
Microsoft Visual Studio Solution File, Format Version 12.00
# Visual Studio Version 16
VisualStudioVersion = 16.0.29709.97
MinimumVisualStudioVersion = 10.0.40219.1
Project("{FAE04EC0-301F-11D3-BF4B-00C04F79EFBC}") = "BearProgram", "BearProgram\BearProgram.csproj", "{FCAE1546-9A2A-437A-8BBF-B009473D67B4}"
EndProject
Global
	GlobalSection(SolutionConfigurationPlatforms) = preSolution
		Debug|Any CPU = Debug|Any CPU
		Release|Any CPU = Release|Any CPU
	EndGlobalSection
	GlobalSection(ProjectConfigurationPlatforms) = postSolution
		{FCAE1546-9A2A-437A-8BBF-B009473D67B4}.Debug|Any CPU.ActiveCfg = Debug|Any CPU
		{FCAE1546-9A2A-437A-8BBF-B009473D67B4}.Debug|Any CPU.Build.0 = Debug|Any CPU
		{FCAE1546-9A2A-437A-8BBF-B009473D67B4}.Release|Any CPU.ActiveCfg = Release|Any CPU
		{FCAE1546-9A2A-437A-8BBF-B009473D67B4}.Release|Any CPU.Build.0 = Release|Any CPU
	EndGlobalSection
	GlobalSection(SolutionProperties) = preSolution
		HideSolutionNode = FALSE
	EndGlobalSection
	GlobalSection(ExtensibilityGlobals) = postSolution
		SolutionGuid = {D23FF72A-0E4A-47B4-BE09-5492E52583A0}
	EndGlobalSection
EndGlobal
